{
    "_readme": [
        "This file locks the dependencies of your project to a known state",
        "Read more about it at https://getcomposer.org/doc/01-basic-usage.md#composer-lock-the-lock-file",
        "This file is @generated automatically"
    ],
    "content-hash": "3511e4e5f3a66759bee64c4853a9aa29",
    "packages": [
        {
            "name": "cityofzion/neo-php",
            "version": "dev-master",
            "source": {
                "type": "git",
                "url": "https://github.com/CityOfZion/neo-php.git",
                "reference": "03a7fb88719169b516feb1a92fba9cb786954b09"
            },
            "dist": {
                "type": "zip",
                "url": "https://api.github.com/repos/CityOfZion/neo-php/zipball/03a7fb88719169b516feb1a92fba9cb786954b09",
                "reference": "03a7fb88719169b516feb1a92fba9cb786954b09",
                "shasum": ""
            },
            "type": "library",
            "autoload": {
                "psr-4": {
                    "NeoPHP\\": "src"
                }
            },
            "notification-url": "https://packagist.org/downloads/",
            "license": [
                "MIT"
            ],
            "description": "Make requests to Neo RPC nodes on the Neo blockchain. Make asset transactions, read data from the Blockchain etc.",
            "time": "2017-11-27T13:50:14+00:00"
        },
        {
            "name": "cloutier/php-ipfs-api",
            "version": "0.0.6",
            "source": {
                "type": "git",
                "url": "https://github.com/cloutier/php-ipfs-api.git",
                "reference": "4b60da3adf76105bd1650d24e277a482809664eb"
            },
            "dist": {
                "type": "zip",
                "url": "https://api.github.com/repos/cloutier/php-ipfs-api/zipball/4b60da3adf76105bd1650d24e277a482809664eb",
                "reference": "4b60da3adf76105bd1650d24e277a482809664eb",
                "shasum": ""
            },
            "require": {
                "ext-curl": "*",
                "php": ">=5.3.0"
            },
            "type": "library",
            "autoload": {
                "psr-4": {
                    "Cloutier\\PhpIpfsApi\\": "src/"
                }
            },
            "notification-url": "https://packagist.org/downloads/",
            "license": [
                "MIT"
            ],
            "authors": [
                {
                    "name": "Vincent Cloutier",
                    "email": "vincent@cloutier.co",
                    "homepage": "http://vincent.cloutier.co",
                    "role": "Developer"
                }
            ],
            "description": "A client library for the IPFS API",
            "homepage": "https://github.com/cloutier/php-ipfs-api",
            "keywords": [
                "ipfs"
            ],
            "time": "2016-09-11T15:34:38+00:00"
        }
    ],
    "packages-dev": [],
    "aliases": [],
    "minimum-stability": "stable",
    "stability-flags": {
        "cityofzion/neo-php": 20
    },
    "prefer-stable": false,
    "prefer-lowest": false,
    "platform": [],
    "platform-dev": []
}
